
Microsoft Visual Studio Solution File, Format Version 12.00
# Visual Studio 2013
VisualStudioVersion = 12.0.21005.1
MinimumVisualStudioVersion = 10.0.40219.1
Project("{FAE04EC0-301F-11D3-BF4B-00C04F79EFBC}") = "BindHub.Client.UI", "BindHub.Client.UI\BindHub.Client.UI.csproj", "{BC040D4C-ECBF-437E-9950-B2EA76DCF6C2}"
EndProject
Project("{FAE04EC0-301F-11D3-BF4B-00C04F79EFBC}") = "BindHub.Client.Monitor", "BindHub.Client.Monitor\BindHub.Client.Monitor.csproj", "{A98E4E43-F82D-4D49-B21D-539316E75894}"
EndProject
Project("{FAE04EC0-301F-11D3-BF4B-00C04F79EFBC}") = "BindHub.Client.Service", "BindHub.Client.Service\BindHub.Client.Service.csproj", "{E2002579-D3F2-4F64-81D3-1655932F8821}"
EndProject
Project("{FAE04EC0-301F-11D3-BF4B-00C04F79EFBC}") = "BindHub.Client.Library", "BindHub.Client.Library\BindHub.Client.Library.csproj", "{BD4B4A07-D39B-4630-8C77-DA15216CCCCF}"
EndProject
Project("{930C7802-8A8C-48F9-8165-68863BCCD9DD}") = "BindHub.Client.Installer", "BindHub.Client.Installer\BindHub.Client.Installer.wixproj", "{89E87D94-9CDF-43FE-B5FC-83B91F83F0FC}"
EndProject
Project("{2150E333-8FDC-42A3-9474-1A3956D46DE8}") = "BUILD", "BUILD", "{87F447A2-5156-4373-A0C1-11F7AEBE3869}"
EndProject
Global
	GlobalSection(TeamFoundationVersionControl) = preSolution
		SccNumberOfProjects = 6
		SccEnterpriseProvider = {4CA58AB2-18FA-4F8D-95D4-32DDF27D184C}
		SccTeamFoundationServer = https://tfs.codeplex.com/tfs/tfs17
		SccLocalPath0 = .
		SccProjectUniqueName1 = BindHub.Client.Monitor\\BindHub.Client.Monitor.csproj
		SccProjectName1 = BindHub.Client.Monitor
		SccLocalPath1 = BindHub.Client.Monitor
		SccProjectUniqueName2 = BindHub.Client.Service\\BindHub.Client.Service.csproj
		SccProjectName2 = BindHub.Client.Service
		SccLocalPath2 = BindHub.Client.Service
		SccProjectUniqueName3 = BindHub.Client.UI\\BindHub.Client.UI.csproj
		SccProjectName3 = BindHub.Client.UI
		SccLocalPath3 = BindHub.Client.UI
		SccProjectUniqueName4 = BindHub.Client.Library\\BindHub.Client.Library.csproj
		SccProjectName4 = BindHub.Client.Library
		SccLocalPath4 = BindHub.Client.Library
		SccProjectUniqueName5 = BindHub.Client.Installer\\BindHub.Client.Installer.wixproj
		SccProjectName5 = BindHub.Client.Installer
		SccLocalPath5 = BindHub.Client.Installer
	EndGlobalSection
	GlobalSection(SolutionConfigurationPlatforms) = preSolution
		Debug|Any CPU = Debug|Any CPU
		Debug|Mixed Platforms = Debug|Mixed Platforms
		Debug|x86 = Debug|x86
		Release|Any CPU = Release|Any CPU
		Release|Mixed Platforms = Release|Mixed Platforms
		Release|x86 = Release|x86
	EndGlobalSection
	GlobalSection(ProjectConfigurationPlatforms) = postSolution
		{BC040D4C-ECBF-437E-9950-B2EA76DCF6C2}.Debug|Any CPU.ActiveCfg = Debug|Any CPU
		{BC040D4C-ECBF-437E-9950-B2EA76DCF6C2}.Debug|Any CPU.Build.0 = Debug|Any CPU
		{BC040D4C-ECBF-437E-9950-B2EA76DCF6C2}.Debug|Mixed Platforms.ActiveCfg = Debug|Any CPU
		{BC040D4C-ECBF-437E-9950-B2EA76DCF6C2}.Debug|Mixed Platforms.Build.0 = Debug|Any CPU
		{BC040D4C-ECBF-437E-9950-B2EA76DCF6C2}.Debug|x86.ActiveCfg = Debug|Any CPU
		{BC040D4C-ECBF-437E-9950-B2EA76DCF6C2}.Release|Any CPU.ActiveCfg = Release|Any CPU
		{BC040D4C-ECBF-437E-9950-B2EA76DCF6C2}.Release|Any CPU.Build.0 = Release|Any CPU
		{BC040D4C-ECBF-437E-9950-B2EA76DCF6C2}.Release|Mixed Platforms.ActiveCfg = Release|Any CPU
		{BC040D4C-ECBF-437E-9950-B2EA76DCF6C2}.Release|Mixed Platforms.Build.0 = Release|Any CPU
		{BC040D4C-ECBF-437E-9950-B2EA76DCF6C2}.Release|x86.ActiveCfg = Release|Any CPU
		{A98E4E43-F82D-4D49-B21D-539316E75894}.Debug|Any CPU.ActiveCfg = Debug|Any CPU
		{A98E4E43-F82D-4D49-B21D-539316E75894}.Debug|Any CPU.Build.0 = Debug|Any CPU
		{A98E4E43-F82D-4D49-B21D-539316E75894}.Debug|Mixed Platforms.ActiveCfg = Debug|Any CPU
		{A98E4E43-F82D-4D49-B21D-539316E75894}.Debug|Mixed Platforms.Build.0 = Debug|Any CPU
		{A98E4E43-F82D-4D49-B21D-539316E75894}.Debug|x86.ActiveCfg = Debug|Any CPU
		{A98E4E43-F82D-4D49-B21D-539316E75894}.Release|Any CPU.ActiveCfg = Release|Any CPU
		{A98E4E43-F82D-4D49-B21D-539316E75894}.Release|Any CPU.Build.0 = Release|Any CPU
		{A98E4E43-F82D-4D49-B21D-539316E75894}.Release|Mixed Platforms.ActiveCfg = Release|Any CPU
		{A98E4E43-F82D-4D49-B21D-539316E75894}.Release|Mixed Platforms.Build.0 = Release|Any CPU
		{A98E4E43-F82D-4D49-B21D-539316E75894}.Release|x86.ActiveCfg = Release|Any CPU
		{E2002579-D3F2-4F64-81D3-1655932F8821}.Debug|Any CPU.ActiveCfg = Debug|Any CPU
		{E2002579-D3F2-4F64-81D3-1655932F8821}.Debug|Any CPU.Build.0 = Debug|Any CPU
		{E2002579-D3F2-4F64-81D3-1655932F8821}.Debug|Mixed Platforms.ActiveCfg = Debug|Any CPU
		{E2002579-D3F2-4F64-81D3-1655932F8821}.Debug|Mixed Platforms.Build.0 = Debug|Any CPU
		{E2002579-D3F2-4F64-81D3-1655932F8821}.Debug|x86.ActiveCfg = Debug|Any CPU
		{E2002579-D3F2-4F64-81D3-1655932F8821}.Release|Any CPU.ActiveCfg = Release|Any CPU
		{E2002579-D3F2-4F64-81D3-1655932F8821}.Release|Any CPU.Build.0 = Release|Any CPU
		{E2002579-D3F2-4F64-81D3-1655932F8821}.Release|Mixed Platforms.ActiveCfg = Release|Any CPU
		{E2002579-D3F2-4F64-81D3-1655932F8821}.Release|Mixed Platforms.Build.0 = Release|Any CPU
		{E2002579-D3F2-4F64-81D3-1655932F8821}.Release|x86.ActiveCfg = Release|Any CPU
		{BD4B4A07-D39B-4630-8C77-DA15216CCCCF}.Debug|Any CPU.ActiveCfg = Debug|Any CPU
		{BD4B4A07-D39B-4630-8C77-DA15216CCCCF}.Debug|Any CPU.Build.0 = Debug|Any CPU
		{BD4B4A07-D39B-4630-8C77-DA15216CCCCF}.Debug|Mixed Platforms.ActiveCfg = Debug|Any CPU
		{BD4B4A07-D39B-4630-8C77-DA15216CCCCF}.Debug|Mixed Platforms.Build.0 = Debug|Any CPU
		{BD4B4A07-D39B-4630-8C77-DA15216CCCCF}.Debug|x86.ActiveCfg = Debug|Any CPU
		{BD4B4A07-D39B-4630-8C77-DA15216CCCCF}.Release|Any CPU.ActiveCfg = Release|Any CPU
		{BD4B4A07-D39B-4630-8C77-DA15216CCCCF}.Release|Any CPU.Build.0 = Release|Any CPU
		{BD4B4A07-D39B-4630-8C77-DA15216CCCCF}.Release|Mixed Platforms.ActiveCfg = Release|Any CPU
		{BD4B4A07-D39B-4630-8C77-DA15216CCCCF}.Release|Mixed Platforms.Build.0 = Release|Any CPU
		{BD4B4A07-D39B-4630-8C77-DA15216CCCCF}.Release|x86.ActiveCfg = Release|Any CPU
		{89E87D94-9CDF-43FE-B5FC-83B91F83F0FC}.Debug|Any CPU.ActiveCfg = Debug|x86
		{89E87D94-9CDF-43FE-B5FC-83B91F83F0FC}.Debug|Mixed Platforms.ActiveCfg = Debug|x86
		{89E87D94-9CDF-43FE-B5FC-83B91F83F0FC}.Debug|Mixed Platforms.Build.0 = Debug|x86
		{89E87D94-9CDF-43FE-B5FC-83B91F83F0FC}.Debug|x86.ActiveCfg = Debug|x86
		{89E87D94-9CDF-43FE-B5FC-83B91F83F0FC}.Debug|x86.Build.0 = Debug|x86
		{89E87D94-9CDF-43FE-B5FC-83B91F83F0FC}.Release|Any CPU.ActiveCfg = Release|x86
		{89E87D94-9CDF-43FE-B5FC-83B91F83F0FC}.Release|Mixed Platforms.ActiveCfg = Release|x86
		{89E87D94-9CDF-43FE-B5FC-83B91F83F0FC}.Release|Mixed Platforms.Build.0 = Release|x86
		{89E87D94-9CDF-43FE-B5FC-83B91F83F0FC}.Release|x86.ActiveCfg = Release|x86
		{89E87D94-9CDF-43FE-B5FC-83B91F83F0FC}.Release|x86.Build.0 = Release|x86
	EndGlobalSection
	GlobalSection(SolutionProperties) = preSolution
		HideSolutionNode = FALSE
	EndGlobalSection
EndGlobal
